<?xml version="1.0" encoding="utf-8"?>
<Project ToolsVersion="4.0" xmlns="http://schemas.microsoft.com/developer/msbuild/2003">
  <ItemGroup>
    <Filter Include="Source Files">
      <UniqueIdentifier>{4FC737F1-C7A5-4376-A066-2A32D752A2FF}</UniqueIdentifier>
      <Extensions>cpp;c;cc;cxx;def;odl;idl;hpj;bat;asm;asmx</Extensions>
    </Filter>
    <Filter Include="Header Files">
      <UniqueIdentifier>{93995380-89BD-4b04-88EB-625FBE52EBFB}</UniqueIdentifier>
      <Extensions>h;hh;hpp;hxx;hm;inl;inc;xsd</Extensions>
    </Filter>
    <Filter Include="Resource Files">
      <UniqueIdentifier>{67DA6AB6-F800-4c08-8B7A-83BB121AAD01}</UniqueIdentifier>
      <Extensions>rc;ico;cur;bmp;dlg;rc2;rct;bin;rgs;gif;jpg;jpeg;jpe;resx;tiff;tif;png;wav;mfcribbon-ms</Extensions>
    </Filter>
    <Filter Include="Header Files\Chapter 2">
      <UniqueIdentifier>{2d822204-182b-48b8-8cef-df8f0e92bdc4}</UniqueIdentifier>
    </Filter>
    <Filter Include="Source Files\Chapter 2">
      <UniqueIdentifier>{d3e22650-2347-4a03-9f4b-295d2a2ec6b9}</UniqueIdentifier>
    </Filter>
    <Filter Include="Header Files\Chapter 3">
      <UniqueIdentifier>{4f144ded-1d97-4a97-b425-5822884d322f}</UniqueIdentifier>
    </Filter>
    <Filter Include="Source Files\Chapter 3">
      <UniqueIdentifier>{a6fca90f-1a32-4bf8-bc0b-594bde95ddef}</UniqueIdentifier>
    </Filter>
  </ItemGroup>
  <ItemGroup>
    <ClCompile Include="main.cpp">
      <Filter>Source Files</Filter>
    </ClCompile>
    <ClCompile Include="stats.cpp">
      <Filter>Source Files\Chapter 2</Filter>
    </ClCompile>
    <ClCompile Include="sequence1.cpp">
      <Filter>Source Files\Chapter 3</Filter>
    </ClCompile>
  </ItemGroup>
  <ItemGroup>
    <Text Include="Chapter9.txt">
      <Filter>Source Files</Filter>
    </Text>
    <Text Include="Notes.txt">
      <Filter>Source Files</Filter>
    </Text>
    <Text Include="stattest.txt">
      <Filter>Header Files\Chapter 2</Filter>
    </Text>
    <Text Include="statexam.txt">
      <Filter>Header Files\Chapter 2</Filter>
    </Text>
    <Text Include="sequence_test.txt">
      <Filter>Header Files\Chapter 3</Filter>
    </Text>
    <Text Include="sequence_exam.txt">
      <Filter>Header Files\Chapter 3</Filter>
    </Text>
  </ItemGroup>
  <ItemGroup>
    <ClInclude Include="stats.h">
      <Filter>Header Files\Chapter 2</Filter>
    </ClInclude>
    <ClInclude Include="sequence1.h">
      <Filter>Header Files\Chapter 3</Filter>
    </ClInclude>
  </ItemGroup>
</Project>